<?xml version="1.0" encoding="utf-8"?>
<Project ToolsVersion="4.0" xmlns="http://schemas.microsoft.com/developer/msbuild/2003">
  <ItemGroup>
    <Filter Include="源文件">
      <UniqueIdentifier>{4FC737F1-C7A5-4376-A066-2A32D752A2FF}</UniqueIdentifier>
      <Extensions>cpp;c;cc;cxx;def;odl;idl;hpj;bat;asm;asmx</Extensions>
    </Filter>
    <Filter Include="头文件">
      <UniqueIdentifier>{93995380-89BD-4b04-88EB-625FBE52EBFB}</UniqueIdentifier>
      <Extensions>h;hh;hpp;hxx;hm;inl;inc;xsd</Extensions>
    </Filter>
    <Filter Include="资源文件">
      <UniqueIdentifier>{67DA6AB6-F800-4c08-8B7A-83BB121AAD01}</UniqueIdentifier>
      <Extensions>rc;ico;cur;bmp;dlg;rc2;rct;bin;rgs;gif;jpg;jpeg;jpe;resx;tiff;tif;png;wav;mfcribbon-ms</Extensions>
    </Filter>
    <Filter Include="Common">
      <UniqueIdentifier>{d232e94d-b13f-4bdb-9ccd-83d92fcbfa4f}</UniqueIdentifier>
    </Filter>
    <Filter Include="FX">
      <UniqueIdentifier>{040a17ff-1137-4825-8dd6-901bb9070a6b}</UniqueIdentifier>
    </Filter>
    <Filter Include="light">
      <UniqueIdentifier>{a452f503-c119-44fe-bf0f-fc5b650b4c64}</UniqueIdentifier>
    </Filter>
    <Filter Include="Texture">
      <UniqueIdentifier>{f12b661d-6c23-4c48-9581-cb0a2a54d693}</UniqueIdentifier>
    </Filter>
    <Filter Include="Blending">
      <UniqueIdentifier>{4fb7e6e8-06cb-4036-a12d-4ae4c496fe3b}</UniqueIdentifier>
    </Filter>
  </ItemGroup>
  <ItemGroup>
    <ClInclude Include="Common\AppUtil.h">
      <Filter>Common</Filter>
    </ClInclude>
    <ClInclude Include="Common\WinApp.h">
      <Filter>Common</Filter>
    </ClInclude>
    <ClInclude Include="Common\DDSTextureLoader.h">
      <Filter>Common</Filter>
    </ClInclude>
    <ClInclude Include="Common\GeometryGens.h">
      <Filter>Common</Filter>
    </ClInclude>
    <ClInclude Include="Common\Effect.h">
      <Filter>Blending</Filter>
    </ClInclude>
    <ClInclude Include="Common\Lights.h">
      <Filter>Common</Filter>
    </ClInclude>
    <ClInclude Include="Common\RenderStates.h">
      <Filter>Common</Filter>
    </ClInclude>
    <ClInclude Include="Common\Timer.h">
      <Filter>Common</Filter>
    </ClInclude>
    <ClInclude Include="Blending\D3DBlending.h">
      <Filter>Blending</Filter>
    </ClInclude>
    <ClInclude Include="Light\D3Dlight.h">
      <Filter>light</Filter>
    </ClInclude>
    <ClInclude Include="Mirror\MirrorDemo.h">
      <Filter>头文件</Filter>
    </ClInclude>
    <ClInclude Include="Common\RenderObeject.h">
      <Filter>头文件</Filter>
    </ClInclude>
    <ClInclude Include="Common\Camera.h">
      <Filter>头文件</Filter>
    </ClInclude>
  </ItemGroup>
  <ItemGroup>
    <ClCompile Include="Main.cpp">
      <Filter>源文件</Filter>
    </ClCompile>
    <ClCompile Include="Common\AppUtil.cpp">
      <Filter>Common</Filter>
    </ClCompile>
    <ClCompile Include="Common\WinApp.cpp">
      <Filter>Common</Filter>
    </ClCompile>
    <ClCompile Include="Common\DDSTextureLoader.cpp">
      <Filter>Common</Filter>
    </ClCompile>
    <ClCompile Include="Common\GeometryGens.cpp">
      <Filter>Common</Filter>
    </ClCompile>
    <ClCompile Include="Common\Effect.cpp">
      <Filter>Blending</Filter>
    </ClCompile>
    <ClCompile Include="Common\RenderStates.cpp">
      <Filter>Common</Filter>
    </ClCompile>
    <ClCompile Include="Common\Timer.cpp">
      <Filter>Common</Filter>
    </ClCompile>
    <ClCompile Include="Blending\D3DBlending.cpp">
      <Filter>Blending</Filter>
    </ClCompile>
    <ClCompile Include="Light\D3Dlight.cpp">
      <Filter>light</Filter>
    </ClCompile>
    <ClCompile Include="Mirror\MirrorDemo.cpp">
      <Filter>源文件</Filter>
    </ClCompile>
    <ClCompile Include="Common\Camera.cpp">
      <Filter>源文件</Filter>
    </ClCompile>
  </ItemGroup>
  <ItemGroup>
    <None Include="packages.config" />
  </ItemGroup>
  <ItemGroup>
    <CustomBuild Include="FX\BasicLight.fx">
      <Filter>FX</Filter>
    </CustomBuild>
    <CustomBuild Include="FX\Light.fx">
      <Filter>FX</Filter>
    </CustomBuild>
    <CustomBuild Include="FX\Basic.fx">
      <Filter>FX</Filter>
    </CustomBuild>
  </ItemGroup>
  <ItemGroup>
    <Image Include="Texture\water.dds">
      <Filter>Texture</Filter>
    </Image>
    <Image Include="Texture\Wood.dds">
      <Filter>Texture</Filter>
    </Image>
    <Image Include="Texture\checkboard.dds">
      <Filter>Texture</Filter>
    </Image>
    <Image Include="Texture\ice.dds" />
    <Image Include="Texture\brick.dds" />
  </ItemGroup>
</Project>